
Microsoft Visual Studio Solution File, Format Version 12.00
# Visual Studio Version 17
VisualStudioVersion = 17.14.36414.22 d17.14
MinimumVisualStudioVersion = 10.0.40219.1
Project("{FAE04EC0-301F-11D3-BF4B-00C04F79EFBC}") = "BT-Event Solution", "BT-Event Solution.csproj", "{764F5B04-5524-4D6B-9463-2400D9CDAEBE}"
EndProject
Global
	GlobalSection(SolutionConfigurationPlatforms) = preSolution
		Debug|Any CPU = Debug|Any CPU
		Release|Any CPU = Release|Any CPU
	EndGlobalSection
	GlobalSection(ProjectConfigurationPlatforms) = postSolution
		{764F5B04-5524-4D6B-9463-2400D9CDAEBE}.Debug|Any CPU.ActiveCfg = Debug|Any CPU
		{764F5B04-5524-4D6B-9463-2400D9CDAEBE}.Debug|Any CPU.Build.0 = Debug|Any CPU
		{764F5B04-5524-4D6B-9463-2400D9CDAEBE}.Release|Any CPU.ActiveCfg = Release|Any CPU
		{764F5B04-5524-4D6B-9463-2400D9CDAEBE}.Release|Any CPU.Build.0 = Release|Any CPU
	EndGlobalSection
	GlobalSection(SolutionProperties) = preSolution
		HideSolutionNode = FALSE
	EndGlobalSection
	GlobalSection(ExtensibilityGlobals) = postSolution
		SolutionGuid = {E2C95816-7103-46A3-B6B5-5007331455B4}
	EndGlobalSection
EndGlobal
